{
  "requires": true,
  "lockfileVersion": 1,
  "dependencies": {
    "express-validator": {
      "version": "5.0.2",
      "resolved": "https://registry.npmjs.org/express-validator/-/express-validator-5.0.2.tgz",
      "integrity": "sha512-ciXO+pGqXIDquheIX5l7OZNgJ1dK7YaQaQtvP/qDzvMtthgXfzNuuOHf9iaseOPtibl0zkPtv3F+BqBEjPyNLg==",
      "requires": {
        "lodash": "4.17.5",
        "validator": "9.4.1"
      }
    },
    "lodash": {
      "version": "4.17.5",
      "resolved": "https://registry.npmjs.org/lodash/-/lodash-4.17.5.tgz",
      "integrity": "sha512-svL3uiZf1RwhH+cWrfZn3A4+U58wbP0tGVTLQPbjplZxZ8ROD9VLuNgsRniTlLe7OlSqR79RUehXgpBW/s0IQw=="
    },
    "validator": {
      "version": "9.4.1",
      "resolved": "https://registry.npmjs.org/validator/-/validator-9.4.1.tgz",
      "integrity": "sha512-YV5KjzvRmSyJ1ee/Dm5UED0G+1L4GZnLN3w6/T+zZm8scVua4sOhYKWTUrKa0H/tMiJyO9QLHMPN+9mB/aMunA=="
    }
  }
}
